
Microsoft Visual Studio Solution File, Format Version 12.00
# Visual Studio 15
VisualStudioVersion = 15.0.28307.438
MinimumVisualStudioVersion = 10.0.40219.1
Project("{FAE04EC0-301F-11D3-BF4B-00C04F79EFBC}") = "Mobile Bill", "Mobile Bill\Mobile Bill.csproj", "{CC2DCAE7-119D-4078-A1BD-0E8961C9D5E5}"
EndProject
Global
	GlobalSection(SolutionConfigurationPlatforms) = preSolution
		Debug|Any CPU = Debug|Any CPU
		Release|Any CPU = Release|Any CPU
	EndGlobalSection
	GlobalSection(ProjectConfigurationPlatforms) = postSolution
		{CC2DCAE7-119D-4078-A1BD-0E8961C9D5E5}.Debug|Any CPU.ActiveCfg = Debug|Any CPU
		{CC2DCAE7-119D-4078-A1BD-0E8961C9D5E5}.Debug|Any CPU.Build.0 = Debug|Any CPU
		{CC2DCAE7-119D-4078-A1BD-0E8961C9D5E5}.Release|Any CPU.ActiveCfg = Release|Any CPU
		{CC2DCAE7-119D-4078-A1BD-0E8961C9D5E5}.Release|Any CPU.Build.0 = Release|Any CPU
	EndGlobalSection
	GlobalSection(SolutionProperties) = preSolution
		HideSolutionNode = FALSE
	EndGlobalSection
	GlobalSection(ExtensibilityGlobals) = postSolution
		SolutionGuid = {46C94ECB-09F5-4CA2-94B7-9899FF3D845D}
	EndGlobalSection
EndGlobal
